
Microsoft Visual Studio Solution File, Format Version 12.00
# Visual Studio Version 17
VisualStudioVersion = 17.14.36717.8 d17.14
MinimumVisualStudioVersion = 10.0.40219.1
Project("{8BC9CEB8-8B4A-11D0-8D11-00A0C91BC942}") = "Vjezbe 7", "Vjezbe 7\Vjezbe 7.vcxproj", "{CAC3C211-641F-4C29-9114-4381A29CCED7}"
EndProject
Global
	GlobalSection(SolutionConfigurationPlatforms) = preSolution
		Debug|x64 = Debug|x64
		Debug|x86 = Debug|x86
		Release|x64 = Release|x64
		Release|x86 = Release|x86
	EndGlobalSection
	GlobalSection(ProjectConfigurationPlatforms) = postSolution
		{CAC3C211-641F-4C29-9114-4381A29CCED7}.Debug|x64.ActiveCfg = Debug|x64
		{CAC3C211-641F-4C29-9114-4381A29CCED7}.Debug|x64.Build.0 = Debug|x64
		{CAC3C211-641F-4C29-9114-4381A29CCED7}.Debug|x86.ActiveCfg = Debug|Win32
		{CAC3C211-641F-4C29-9114-4381A29CCED7}.Debug|x86.Build.0 = Debug|Win32
		{CAC3C211-641F-4C29-9114-4381A29CCED7}.Release|x64.ActiveCfg = Release|x64
		{CAC3C211-641F-4C29-9114-4381A29CCED7}.Release|x64.Build.0 = Release|x64
		{CAC3C211-641F-4C29-9114-4381A29CCED7}.Release|x86.ActiveCfg = Release|Win32
		{CAC3C211-641F-4C29-9114-4381A29CCED7}.Release|x86.Build.0 = Release|Win32
	EndGlobalSection
	GlobalSection(SolutionProperties) = preSolution
		HideSolutionNode = FALSE
	EndGlobalSection
	GlobalSection(ExtensibilityGlobals) = postSolution
		SolutionGuid = {1E31EE12-546C-448D-AF68-E0397585106D}
	EndGlobalSection
EndGlobal
